
Microsoft Visual Studio Solution File, Format Version 12.00
# Visual Studio 15
VisualStudioVersion = 15.0.28307.960
MinimumVisualStudioVersion = 10.0.40219.1
Project("{FAE04EC0-301F-11D3-BF4B-00C04F79EFBC}") = "MVC_Project.Data", "MVC_Project.Data\MVC_Project.Data.csproj", "{347A6BFB-7CD3-4B7F-90AD-AB21950EF7AD}"
EndProject
Project("{FAE04EC0-301F-11D3-BF4B-00C04F79EFBC}") = "MVC_Project.Domain", "MVC_Project.Domain\MVC_Project.Domain.csproj", "{AADE4A05-4CC5-4465-BD0F-B681FA698C97}"
EndProject
Project("{FAE04EC0-301F-11D3-BF4B-00C04F79EFBC}") = "MVC_Project.Jobs", "MVC_Project.Jobs\MVC_Project.Jobs.csproj", "{0F5C8BF5-B860-4B27-B98C-A50DE923B693}"
EndProject
Project("{FAE04EC0-301F-11D3-BF4B-00C04F79EFBC}") = "MVC_Project.Utils", "MVC_Project.Utils\MVC_Project.Utils.csproj", "{23B89C18-68C5-449F-ADED-E51A86DA6B52}"
EndProject
Project("{FAE04EC0-301F-11D3-BF4B-00C04F79EFBC}") = "ExcelObjectMapping", "ExcelObjectMapping\ExcelObjectMapping.csproj", "{89F9F036-0428-49A2-84F1-72851728183D}"
EndProject
Project("{FAE04EC0-301F-11D3-BF4B-00C04F79EFBC}") = "MVC_Project.WebBackend", "MVC_Project.WebBackend\MVC_Project.WebBackend.csproj", "{A3C31666-97AB-4135-873B-68402863530D}"
EndProject
Project("{FAE04EC0-301F-11D3-BF4B-00C04F79EFBC}") = "MVC_Project.Resources", "MVC_Project.Resources\MVC_Project.Resources.csproj", "{1946DCF4-C3DA-43E2-9A38-35DB04DB2D92}"
EndProject
Global
	GlobalSection(SolutionConfigurationPlatforms) = preSolution
		Base|Any CPU = Base|Any CPU
		Debug|Any CPU = Debug|Any CPU
		Release|Any CPU = Release|Any CPU
	EndGlobalSection
	GlobalSection(ProjectConfigurationPlatforms) = postSolution
		{347A6BFB-7CD3-4B7F-90AD-AB21950EF7AD}.Base|Any CPU.ActiveCfg = Base|Any CPU
		{347A6BFB-7CD3-4B7F-90AD-AB21950EF7AD}.Base|Any CPU.Build.0 = Base|Any CPU
		{347A6BFB-7CD3-4B7F-90AD-AB21950EF7AD}.Debug|Any CPU.ActiveCfg = Debug|Any CPU
		{347A6BFB-7CD3-4B7F-90AD-AB21950EF7AD}.Debug|Any CPU.Build.0 = Debug|Any CPU
		{347A6BFB-7CD3-4B7F-90AD-AB21950EF7AD}.Release|Any CPU.ActiveCfg = Release|Any CPU
		{347A6BFB-7CD3-4B7F-90AD-AB21950EF7AD}.Release|Any CPU.Build.0 = Release|Any CPU
		{AADE4A05-4CC5-4465-BD0F-B681FA698C97}.Base|Any CPU.ActiveCfg = Base|Any CPU
		{AADE4A05-4CC5-4465-BD0F-B681FA698C97}.Base|Any CPU.Build.0 = Base|Any CPU
		{AADE4A05-4CC5-4465-BD0F-B681FA698C97}.Debug|Any CPU.ActiveCfg = Debug|Any CPU
		{AADE4A05-4CC5-4465-BD0F-B681FA698C97}.Debug|Any CPU.Build.0 = Debug|Any CPU
		{AADE4A05-4CC5-4465-BD0F-B681FA698C97}.Release|Any CPU.ActiveCfg = Release|Any CPU
		{AADE4A05-4CC5-4465-BD0F-B681FA698C97}.Release|Any CPU.Build.0 = Release|Any CPU
		{0F5C8BF5-B860-4B27-B98C-A50DE923B693}.Base|Any CPU.ActiveCfg = Base|Any CPU
		{0F5C8BF5-B860-4B27-B98C-A50DE923B693}.Base|Any CPU.Build.0 = Base|Any CPU
		{0F5C8BF5-B860-4B27-B98C-A50DE923B693}.Debug|Any CPU.ActiveCfg = Debug|Any CPU
		{0F5C8BF5-B860-4B27-B98C-A50DE923B693}.Debug|Any CPU.Build.0 = Debug|Any CPU
		{0F5C8BF5-B860-4B27-B98C-A50DE923B693}.Release|Any CPU.ActiveCfg = Release|Any CPU
		{0F5C8BF5-B860-4B27-B98C-A50DE923B693}.Release|Any CPU.Build.0 = Release|Any CPU
		{23B89C18-68C5-449F-ADED-E51A86DA6B52}.Base|Any CPU.ActiveCfg = Base|Any CPU
		{23B89C18-68C5-449F-ADED-E51A86DA6B52}.Base|Any CPU.Build.0 = Base|Any CPU
		{23B89C18-68C5-449F-ADED-E51A86DA6B52}.Debug|Any CPU.ActiveCfg = Debug|Any CPU
		{23B89C18-68C5-449F-ADED-E51A86DA6B52}.Debug|Any CPU.Build.0 = Debug|Any CPU
		{23B89C18-68C5-449F-ADED-E51A86DA6B52}.Release|Any CPU.ActiveCfg = Release|Any CPU
		{23B89C18-68C5-449F-ADED-E51A86DA6B52}.Release|Any CPU.Build.0 = Release|Any CPU
		{89F9F036-0428-49A2-84F1-72851728183D}.Base|Any CPU.ActiveCfg = Base|Any CPU
		{89F9F036-0428-49A2-84F1-72851728183D}.Base|Any CPU.Build.0 = Base|Any CPU
		{89F9F036-0428-49A2-84F1-72851728183D}.Debug|Any CPU.ActiveCfg = Debug|Any CPU
		{89F9F036-0428-49A2-84F1-72851728183D}.Debug|Any CPU.Build.0 = Debug|Any CPU
		{89F9F036-0428-49A2-84F1-72851728183D}.Release|Any CPU.ActiveCfg = Release|Any CPU
		{89F9F036-0428-49A2-84F1-72851728183D}.Release|Any CPU.Build.0 = Release|Any CPU
		{A3C31666-97AB-4135-873B-68402863530D}.Base|Any CPU.ActiveCfg = Base|Any CPU
		{A3C31666-97AB-4135-873B-68402863530D}.Base|Any CPU.Build.0 = Base|Any CPU
		{A3C31666-97AB-4135-873B-68402863530D}.Debug|Any CPU.ActiveCfg = Debug|Any CPU
		{A3C31666-97AB-4135-873B-68402863530D}.Debug|Any CPU.Build.0 = Debug|Any CPU
		{A3C31666-97AB-4135-873B-68402863530D}.Release|Any CPU.ActiveCfg = Release|Any CPU
		{A3C31666-97AB-4135-873B-68402863530D}.Release|Any CPU.Build.0 = Release|Any CPU
		{1946DCF4-C3DA-43E2-9A38-35DB04DB2D92}.Base|Any CPU.ActiveCfg = Base|Any CPU
		{1946DCF4-C3DA-43E2-9A38-35DB04DB2D92}.Base|Any CPU.Build.0 = Base|Any CPU
		{1946DCF4-C3DA-43E2-9A38-35DB04DB2D92}.Debug|Any CPU.ActiveCfg = Debug|Any CPU
		{1946DCF4-C3DA-43E2-9A38-35DB04DB2D92}.Debug|Any CPU.Build.0 = Debug|Any CPU
		{1946DCF4-C3DA-43E2-9A38-35DB04DB2D92}.Release|Any CPU.ActiveCfg = Release|Any CPU
		{1946DCF4-C3DA-43E2-9A38-35DB04DB2D92}.Release|Any CPU.Build.0 = Release|Any CPU
	EndGlobalSection
	GlobalSection(SolutionProperties) = preSolution
		HideSolutionNode = FALSE
	EndGlobalSection
	GlobalSection(ExtensibilityGlobals) = postSolution
		SolutionGuid = {562B2DE4-6CE8-4FC5-9E9E-282504880A0A}
	EndGlobalSection
EndGlobal
