
Microsoft Visual Studio Solution File, Format Version 12.00
# Visual Studio 15
VisualStudioVersion = 15.0.28010.2046
MinimumVisualStudioVersion = 10.0.40219.1
Project("{FAE04EC0-301F-11D3-BF4B-00C04F79EFBC}") = "MVC_Project.Web", "MVC_Project.Web\MVC_Project.Web.csproj", "{A4C631FD-60FF-40FE-A450-5D034DB9D960}"
EndProject
Project("{FAE04EC0-301F-11D3-BF4B-00C04F79EFBC}") = "MVC_Project.Web.UnitTests", "MVC_Project.Web.UnitTests\MVC_Project.Web.UnitTests.csproj", "{E4DEC9E1-2925-43C5-8CC6-BFF6E073D8A5}"
EndProject
Project("{FAE04EC0-301F-11D3-BF4B-00C04F79EFBC}") = "MVC_Project.API", "MVC_Project.API\MVC_Project.API.csproj", "{25CCAF09-7620-4011-BD66-046C559142C7}"
EndProject
Project("{FAE04EC0-301F-11D3-BF4B-00C04F79EFBC}") = "MVC_Project.API.UnitTests", "MVC_Project.API.UnitTests\MVC_Project.API.UnitTests.csproj", "{2CAEC16D-715F-49E5-8581-B3D9793DE913}"
EndProject
Project("{FAE04EC0-301F-11D3-BF4B-00C04F79EFBC}") = "MVC_Project.Data", "MVC_Project.Data\MVC_Project.Data.csproj", "{347A6BFB-7CD3-4B7F-90AD-AB21950EF7AD}"
EndProject
Project("{FAE04EC0-301F-11D3-BF4B-00C04F79EFBC}") = "MVC_Project.Domain", "MVC_Project.Domain\MVC_Project.Domain.csproj", "{AADE4A05-4CC5-4465-BD0F-B681FA698C97}"
EndProject
Project("{FAE04EC0-301F-11D3-BF4B-00C04F79EFBC}") = "MVC_Project.Jobs", "MVC_Project.Jobs\MVC_Project.Jobs.csproj", "{0F5C8BF5-B860-4B27-B98C-A50DE923B693}"
EndProject
Global
	GlobalSection(SolutionConfigurationPlatforms) = preSolution
		Debug|Any CPU = Debug|Any CPU
		Release|Any CPU = Release|Any CPU
	EndGlobalSection
	GlobalSection(ProjectConfigurationPlatforms) = postSolution
		{A4C631FD-60FF-40FE-A450-5D034DB9D960}.Debug|Any CPU.ActiveCfg = Debug|Any CPU
		{A4C631FD-60FF-40FE-A450-5D034DB9D960}.Debug|Any CPU.Build.0 = Debug|Any CPU
		{A4C631FD-60FF-40FE-A450-5D034DB9D960}.Release|Any CPU.ActiveCfg = Release|Any CPU
		{A4C631FD-60FF-40FE-A450-5D034DB9D960}.Release|Any CPU.Build.0 = Release|Any CPU
		{E4DEC9E1-2925-43C5-8CC6-BFF6E073D8A5}.Debug|Any CPU.ActiveCfg = Debug|Any CPU
		{E4DEC9E1-2925-43C5-8CC6-BFF6E073D8A5}.Debug|Any CPU.Build.0 = Debug|Any CPU
		{E4DEC9E1-2925-43C5-8CC6-BFF6E073D8A5}.Release|Any CPU.ActiveCfg = Release|Any CPU
		{E4DEC9E1-2925-43C5-8CC6-BFF6E073D8A5}.Release|Any CPU.Build.0 = Release|Any CPU
		{25CCAF09-7620-4011-BD66-046C559142C7}.Debug|Any CPU.ActiveCfg = Debug|Any CPU
		{25CCAF09-7620-4011-BD66-046C559142C7}.Debug|Any CPU.Build.0 = Debug|Any CPU
		{25CCAF09-7620-4011-BD66-046C559142C7}.Release|Any CPU.ActiveCfg = Release|Any CPU
		{25CCAF09-7620-4011-BD66-046C559142C7}.Release|Any CPU.Build.0 = Release|Any CPU
		{2CAEC16D-715F-49E5-8581-B3D9793DE913}.Debug|Any CPU.ActiveCfg = Debug|Any CPU
		{2CAEC16D-715F-49E5-8581-B3D9793DE913}.Debug|Any CPU.Build.0 = Debug|Any CPU
		{2CAEC16D-715F-49E5-8581-B3D9793DE913}.Release|Any CPU.ActiveCfg = Release|Any CPU
		{2CAEC16D-715F-49E5-8581-B3D9793DE913}.Release|Any CPU.Build.0 = Release|Any CPU
		{347A6BFB-7CD3-4B7F-90AD-AB21950EF7AD}.Debug|Any CPU.ActiveCfg = Debug|Any CPU
		{347A6BFB-7CD3-4B7F-90AD-AB21950EF7AD}.Debug|Any CPU.Build.0 = Debug|Any CPU
		{347A6BFB-7CD3-4B7F-90AD-AB21950EF7AD}.Release|Any CPU.ActiveCfg = Release|Any CPU
		{347A6BFB-7CD3-4B7F-90AD-AB21950EF7AD}.Release|Any CPU.Build.0 = Release|Any CPU
		{AADE4A05-4CC5-4465-BD0F-B681FA698C97}.Debug|Any CPU.ActiveCfg = Debug|Any CPU
		{AADE4A05-4CC5-4465-BD0F-B681FA698C97}.Debug|Any CPU.Build.0 = Debug|Any CPU
		{AADE4A05-4CC5-4465-BD0F-B681FA698C97}.Release|Any CPU.ActiveCfg = Release|Any CPU
		{AADE4A05-4CC5-4465-BD0F-B681FA698C97}.Release|Any CPU.Build.0 = Release|Any CPU
		{0F5C8BF5-B860-4B27-B98C-A50DE923B693}.Debug|Any CPU.ActiveCfg = Debug|Any CPU
		{0F5C8BF5-B860-4B27-B98C-A50DE923B693}.Debug|Any CPU.Build.0 = Debug|Any CPU
		{0F5C8BF5-B860-4B27-B98C-A50DE923B693}.Release|Any CPU.ActiveCfg = Release|Any CPU
		{0F5C8BF5-B860-4B27-B98C-A50DE923B693}.Release|Any CPU.Build.0 = Release|Any CPU
	EndGlobalSection
	GlobalSection(SolutionProperties) = preSolution
		HideSolutionNode = FALSE
	EndGlobalSection
	GlobalSection(ExtensibilityGlobals) = postSolution
		SolutionGuid = {562B2DE4-6CE8-4FC5-9E9E-282504880A0A}
	EndGlobalSection
EndGlobal
